
Microsoft Visual Studio Solution File, Format Version 12.00
# Visual Studio Version 17
VisualStudioVersion = 17.6.33723.286
MinimumVisualStudioVersion = 10.0.40219.1
Project("{FAE04EC0-301F-11D3-BF4B-00C04F79EFBC}") = "ShadowStealer", "amsiwala\ShadowStealer.csproj", "{F835A9E7-2542-45C2-9D85-EC0C9FDFFB16}"
EndProject
Global
	GlobalSection(SolutionConfigurationPlatforms) = preSolution
		Debug|Any CPU = Debug|Any CPU
		Release|Any CPU = Release|Any CPU
	EndGlobalSection
	GlobalSection(ProjectConfigurationPlatforms) = postSolution
		{F835A9E7-2542-45C2-9D85-EC0C9FDFFB16}.Debug|Any CPU.ActiveCfg = Debug|Any CPU
		{F835A9E7-2542-45C2-9D85-EC0C9FDFFB16}.Debug|Any CPU.Build.0 = Debug|Any CPU
		{F835A9E7-2542-45C2-9D85-EC0C9FDFFB16}.Release|Any CPU.ActiveCfg = Release|Any CPU
		{F835A9E7-2542-45C2-9D85-EC0C9FDFFB16}.Release|Any CPU.Build.0 = Release|Any CPU
	EndGlobalSection
	GlobalSection(SolutionProperties) = preSolution
		HideSolutionNode = FALSE
	EndGlobalSection
	GlobalSection(ExtensibilityGlobals) = postSolution
		SolutionGuid = {36D2CD32-829D-44AF-8CF0-F3E9FB8F88C9}
	EndGlobalSection
EndGlobal
